{
	"name": "wee",
	"version": "0.0.1",
	"lockfileVersion": 1,
	"requires": true,
	"dependencies": {
		"github-markdown-css": {
			"version": "3.0.1",
			"resolved": "https://registry.npmjs.org/github-markdown-css/-/github-markdown-css-3.0.1.tgz",
			"integrity": "sha512-9G5CIPsHoyk5ObDsb/H4KTi23J8KE1oDd4KYU51qwqeM+lKWAiO7abpSgCkyWswgmSKBiuE7/4f8xUz7f2qAiQ==",
			"dev": true
		},
		"highlight.js": {
			"version": "10.4.1",
			"resolved": "https://registry.npmjs.org/highlight.js/-/highlight.js-10.4.1.tgz",
			"integrity": "sha512-yR5lWvNz7c85OhVAEAeFhVCc/GV4C30Fjzc/rCP0aCWzc1UUOPUk55dK/qdwTZHBvMZo+eZ2jpk62ndX/xMFlg=="
		}
	}
}
